
Microsoft Visual Studio Solution File, Format Version 12.00
# Visual Studio Version 17
VisualStudioVersion = 17.8.34112.27
MinimumVisualStudioVersion = 10.0.40219.1
Project("{9A19103F-16F7-4668-BE54-9A1E7A4F7556}") = "YZL5136.WebUI", "YZL5136.WebUI\YZL5136.WebUI.csproj", "{A617AE39-9001-48CF-AEBC-6E67CCF29FB6}"
EndProject
Project("{2150E333-8FDC-42A3-9474-1A3956D46DE8}") = "Frameworks", "Frameworks", "{8E4CC7B9-83C0-459A-8CC8-A6FC6CCD9E0A}"
EndProject
Project("{9A19103F-16F7-4668-BE54-9A1E7A4F7556}") = "Framework.Domain", "Framework.Domain\Framework.Domain.csproj", "{052EE46B-9DF1-46F0-8397-D2D79BF24138}"
EndProject
Project("{9A19103F-16F7-4668-BE54-9A1E7A4F7556}") = "Framework.Application", "Framework.Application\Framework.Application.csproj", "{65E4E85C-63A8-4D4E-9E22-872106B428FC}"
EndProject
Project("{9A19103F-16F7-4668-BE54-9A1E7A4F7556}") = "Framework.Infrastructure", "Framework.Infrastructure\Framework.Infrastructure.csproj", "{4DB4F33C-8DDD-4BA6-B5ED-7AC1343FF139}"
EndProject
Global
	GlobalSection(SolutionConfigurationPlatforms) = preSolution
		Debug|Any CPU = Debug|Any CPU
		Release|Any CPU = Release|Any CPU
	EndGlobalSection
	GlobalSection(ProjectConfigurationPlatforms) = postSolution
		{A617AE39-9001-48CF-AEBC-6E67CCF29FB6}.Debug|Any CPU.ActiveCfg = Debug|Any CPU
		{A617AE39-9001-48CF-AEBC-6E67CCF29FB6}.Debug|Any CPU.Build.0 = Debug|Any CPU
		{A617AE39-9001-48CF-AEBC-6E67CCF29FB6}.Release|Any CPU.ActiveCfg = Release|Any CPU
		{A617AE39-9001-48CF-AEBC-6E67CCF29FB6}.Release|Any CPU.Build.0 = Release|Any CPU
		{052EE46B-9DF1-46F0-8397-D2D79BF24138}.Debug|Any CPU.ActiveCfg = Debug|Any CPU
		{052EE46B-9DF1-46F0-8397-D2D79BF24138}.Debug|Any CPU.Build.0 = Debug|Any CPU
		{052EE46B-9DF1-46F0-8397-D2D79BF24138}.Release|Any CPU.ActiveCfg = Release|Any CPU
		{052EE46B-9DF1-46F0-8397-D2D79BF24138}.Release|Any CPU.Build.0 = Release|Any CPU
		{65E4E85C-63A8-4D4E-9E22-872106B428FC}.Debug|Any CPU.ActiveCfg = Debug|Any CPU
		{65E4E85C-63A8-4D4E-9E22-872106B428FC}.Debug|Any CPU.Build.0 = Debug|Any CPU
		{65E4E85C-63A8-4D4E-9E22-872106B428FC}.Release|Any CPU.ActiveCfg = Release|Any CPU
		{65E4E85C-63A8-4D4E-9E22-872106B428FC}.Release|Any CPU.Build.0 = Release|Any CPU
		{4DB4F33C-8DDD-4BA6-B5ED-7AC1343FF139}.Debug|Any CPU.ActiveCfg = Debug|Any CPU
		{4DB4F33C-8DDD-4BA6-B5ED-7AC1343FF139}.Debug|Any CPU.Build.0 = Debug|Any CPU
		{4DB4F33C-8DDD-4BA6-B5ED-7AC1343FF139}.Release|Any CPU.ActiveCfg = Release|Any CPU
		{4DB4F33C-8DDD-4BA6-B5ED-7AC1343FF139}.Release|Any CPU.Build.0 = Release|Any CPU
	EndGlobalSection
	GlobalSection(SolutionProperties) = preSolution
		HideSolutionNode = FALSE
	EndGlobalSection
	GlobalSection(NestedProjects) = preSolution
		{052EE46B-9DF1-46F0-8397-D2D79BF24138} = {8E4CC7B9-83C0-459A-8CC8-A6FC6CCD9E0A}
		{65E4E85C-63A8-4D4E-9E22-872106B428FC} = {8E4CC7B9-83C0-459A-8CC8-A6FC6CCD9E0A}
		{4DB4F33C-8DDD-4BA6-B5ED-7AC1343FF139} = {8E4CC7B9-83C0-459A-8CC8-A6FC6CCD9E0A}
	EndGlobalSection
	GlobalSection(ExtensibilityGlobals) = postSolution
		SolutionGuid = {3ED81A57-0EAD-4235-B372-2EAD689EDEDD}
	EndGlobalSection
EndGlobal
